<Solution>
  <Folder Name="/src/">
    <Project Path="src/ECommerce.AppHost/ECommerce.AppHost.csproj" />
    <Project Path="src/ECommerce.Catalog.Api/ECommerce.Catalog.Api.csproj" />
    <Project Path="src/ECommerce.Gateway/ECommerce.Gateway.csproj" />
    <Project Path="src/ECommerce.Ordering.Api/ECommerce.Ordering.Api.csproj" />
    <Project Path="src/ECommerce.ServiceDefaults/ECommerce.ServiceDefaults.csproj" />
    <Project Path="src/ECommerce.Web/ECommerce.Web.csproj" />
  </Folder>
</Solution>
